
Microsoft Visual Studio Solution File, Format Version 12.00
# Visual Studio Version 17
VisualStudioVersion = 17.7.34024.191
MinimumVisualStudioVersion = 10.0.40219.1
Project("{9A19103F-16F7-4668-BE54-9A1E7A4F7556}") = "NumberOrdering.WebAPI", "NumberOrdering.WebApi\NumberOrdering.WebAPI.csproj", "{6009EA67-4C09-4082-955C-F3088B5E7A28}"
EndProject
Project("{9A19103F-16F7-4668-BE54-9A1E7A4F7556}") = "NumberOrdering.Domain", "NumberOrdering.Domain\NumberOrdering.Domain.csproj", "{C8E1234E-0103-4022-9962-F6AD787EBF5F}"
EndProject
Project("{9A19103F-16F7-4668-BE54-9A1E7A4F7556}") = "NumberOrdering.Persistence", "NumberOrdering.Persistence\NumberOrdering.Persistence.csproj", "{934E78C5-6D9B-4629-BE05-F762E084F226}"
EndProject
Project("{9A19103F-16F7-4668-BE54-9A1E7A4F7556}") = "NumberOrdering.Infrastructure", "NumberOrdering.Infrastructure\NumberOrdering.Infrastructure.csproj", "{CFDA0B89-3C52-4D39-85E9-67DD4EB08B78}"
EndProject
Project("{9A19103F-16F7-4668-BE54-9A1E7A4F7556}") = "NumberOrdering.UnitTests", "NumberOrdering.UnitTests\NumberOrdering.UnitTests.csproj", "{B96BB41C-79D0-4540-82D9-2F9BEB423EB2}"
EndProject
Global
	GlobalSection(SolutionConfigurationPlatforms) = preSolution
		Debug|Any CPU = Debug|Any CPU
		Release|Any CPU = Release|Any CPU
	EndGlobalSection
	GlobalSection(ProjectConfigurationPlatforms) = postSolution
		{6009EA67-4C09-4082-955C-F3088B5E7A28}.Debug|Any CPU.ActiveCfg = Debug|Any CPU
		{6009EA67-4C09-4082-955C-F3088B5E7A28}.Debug|Any CPU.Build.0 = Debug|Any CPU
		{6009EA67-4C09-4082-955C-F3088B5E7A28}.Release|Any CPU.ActiveCfg = Release|Any CPU
		{6009EA67-4C09-4082-955C-F3088B5E7A28}.Release|Any CPU.Build.0 = Release|Any CPU
		{C8E1234E-0103-4022-9962-F6AD787EBF5F}.Debug|Any CPU.ActiveCfg = Debug|Any CPU
		{C8E1234E-0103-4022-9962-F6AD787EBF5F}.Debug|Any CPU.Build.0 = Debug|Any CPU
		{C8E1234E-0103-4022-9962-F6AD787EBF5F}.Release|Any CPU.ActiveCfg = Release|Any CPU
		{C8E1234E-0103-4022-9962-F6AD787EBF5F}.Release|Any CPU.Build.0 = Release|Any CPU
		{934E78C5-6D9B-4629-BE05-F762E084F226}.Debug|Any CPU.ActiveCfg = Debug|Any CPU
		{934E78C5-6D9B-4629-BE05-F762E084F226}.Debug|Any CPU.Build.0 = Debug|Any CPU
		{934E78C5-6D9B-4629-BE05-F762E084F226}.Release|Any CPU.ActiveCfg = Release|Any CPU
		{934E78C5-6D9B-4629-BE05-F762E084F226}.Release|Any CPU.Build.0 = Release|Any CPU
		{CFDA0B89-3C52-4D39-85E9-67DD4EB08B78}.Debug|Any CPU.ActiveCfg = Debug|Any CPU
		{CFDA0B89-3C52-4D39-85E9-67DD4EB08B78}.Debug|Any CPU.Build.0 = Debug|Any CPU
		{CFDA0B89-3C52-4D39-85E9-67DD4EB08B78}.Release|Any CPU.ActiveCfg = Release|Any CPU
		{CFDA0B89-3C52-4D39-85E9-67DD4EB08B78}.Release|Any CPU.Build.0 = Release|Any CPU
		{B96BB41C-79D0-4540-82D9-2F9BEB423EB2}.Debug|Any CPU.ActiveCfg = Debug|Any CPU
		{B96BB41C-79D0-4540-82D9-2F9BEB423EB2}.Debug|Any CPU.Build.0 = Debug|Any CPU
		{B96BB41C-79D0-4540-82D9-2F9BEB423EB2}.Release|Any CPU.ActiveCfg = Release|Any CPU
		{B96BB41C-79D0-4540-82D9-2F9BEB423EB2}.Release|Any CPU.Build.0 = Release|Any CPU
	EndGlobalSection
	GlobalSection(SolutionProperties) = preSolution
		HideSolutionNode = FALSE
	EndGlobalSection
	GlobalSection(ExtensibilityGlobals) = postSolution
		SolutionGuid = {390B2A17-FAFD-4A4F-9F9C-B4CF74D8A3F0}
	EndGlobalSection
EndGlobal
